# THIS IS AN AUTOGENERATED FILE. DO NOT EDIT THIS FILE DIRECTLY.
# yarn lockfile v1


"@babel/runtime@^7.21.0":
  version "7.24.1"
  resolved "https://registry.yarnpkg.com/@babel/runtime/-/runtime-7.24.1.tgz#431f9a794d173b53720e69a6464abc6f0e2a5c57"
  integrity sha512-+BIznRzyqBf+2wCTxcKE3wDjfGeCoVE61KSHGpkzqrLi8qxqFwBeUFyId2cxkTmm55fzDGnm0+yCxaxygrLUnQ==
  dependencies:
    regenerator-runtime "^0.14.0"

"@colors/colors@1.5.0":
  version "1.5.0"
  resolved "https://registry.yarnpkg.com/@colors/colors/-/colors-1.5.0.tgz#bb504579c1cae923e6576a4f5da43d25f97bdbd9"
  integrity sha512-ooWCrlZP11i8GImSjTHYHLkvFDP48nS4+204nGb1RiX/WXYHmJA2III9/e2DWVabCESdW7hBAEzHRqUn9OUVvQ==

"@mongodb-js/saslprep@^1.1.5":
  version "1.1.5"
  resolved "https://registry.yarnpkg.com/@mongodb-js/saslprep/-/saslprep-1.1.5.tgz#0c48a96c8d799e81fae311b7251aa5c1dc7c6e95"
  integrity sha512-XLNOMH66KhJzUJNwT/qlMnS4WsNDWD5ASdyaSH3EtK+F4r/CFGa3jT4GNi4mfOitGvWXtdLgQJkQjxSVrio+jA==
  dependencies:
    sparse-bitfield "^3.0.3"

"@types/webidl-conversions@*":
  version "7.0.3"
  resolved "https://registry.yarnpkg.com/@types/webidl-conversions/-/webidl-conversions-7.0.3.tgz#1306dbfa53768bcbcfc95a1c8cde367975581859"
  integrity sha512-CiJJvcRtIgzadHCYXw7dqEnMNRjhGZlYK05Mj9OyktqV8uVT8fD2BFOB7S1uwBE3Kj2Z+4UyPmFw/Ixgw/LAlA==

"@types/whatwg-url@^11.0.2":
  version "11.0.4"
  resolved "https://registry.yarnpkg.com/@types/whatwg-url/-/whatwg-url-11.0.4.tgz#ffed0dc8d89d91f62e3f368fcbda222a487c4f63"
  integrity sha512-lXCmTWSHJvf0TRSO58nm978b8HJ/EdsSsEKLd3ODHFjo+3VGAyyTp4v50nWvwtzBxSMQrVOK7tcuN0zGPLICMw==
  dependencies:
    "@types/webidl-conversions" "*"

ansi-regex@^5.0.1:
  version "5.0.1"
  resolved "https://registry.yarnpkg.com/ansi-regex/-/ansi-regex-5.0.1.tgz#082cb2c89c9fe8659a311a53bd6a4dc5301db304"
  integrity sha512-quJQXlTSUGL2LH9SUXo8VwsY4soanhgo6LNSm84E1LBcE8s3O0wpdiRzyR9z/ZZJMlMWv37qOOb9pdJlMUEKFQ==

bson@^6.4.0:
  version "6.5.0"
  resolved "https://registry.yarnpkg.com/bson/-/bson-6.5.0.tgz#fc4828d065e64e48ea442b1a23099b2e52f7ff0b"
  integrity sha512-DXf1BTAS8vKyR90BO4x5v3rKVarmkdkzwOrnYDFdjAY694ILNDkmA3uRh1xXJEl+C1DAh8XCvAQ+Gh3kzubtpg==

buffer-writer@2.0.0:
  version "2.0.0"
  resolved "https://registry.yarnpkg.com/buffer-writer/-/buffer-writer-2.0.0.tgz#ce7eb81a38f7829db09c873f2fbb792c0c98ec04"
  integrity sha512-a7ZpuTZU1TRtnwyCNW3I5dc0wWNC3VR9S++Ewyk2HHZdrO3CQJqSpd+95Us590V6AL7JqUAH2IwZ/398PmNFgw==

cli-table3@^0.6.1:
  version "0.6.3"
  resolved "https://registry.yarnpkg.com/cli-table3/-/cli-table3-0.6.3.tgz#61ab765aac156b52f222954ffc607a6f01dbeeb2"
  integrity sha512-w5Jac5SykAeZJKntOxJCrm63Eg5/4dhMWIcuTbo9rpE+brgaSZo0RuNJZeOyMgsUdhDeojvgyQLmjI+K50ZGyg==
  dependencies:
    string-width "^4.2.0"
  optionalDependencies:
    "@colors/colors" "1.5.0"

colorette@2.0.19:
  version "2.0.19"
  resolved "https://registry.yarnpkg.com/colorette/-/colorette-2.0.19.tgz#cdf044f47ad41a0f4b56b3a0d5b4e6e1a2d5a798"
  integrity sha512-3tlv/dIP7FWvj3BsbHrGLJ6l/oKh1O3TcgBqMn+yyCagOxc23fyzDS6HypQbgxWbkpDnf52p1LuR4eWDQ/K9WQ==

commander@^10.0.0:
  version "10.0.1"
  resolved "https://registry.yarnpkg.com/commander/-/commander-10.0.1.tgz#881ee46b4f77d1c1dccc5823433aa39b022cbe06"
  integrity sha512-y4Mg2tXshplEbSGzx7amzPwKKOCGuoSRP/CjEdwwk0FOGlUbq6lKuoyDZTNZkmxHdJtp54hdfY/JUrdL7Xfdug==

commander@^9.1.0:
  version "9.5.0"
  resolved "https://registry.yarnpkg.com/commander/-/commander-9.5.0.tgz#bc08d1eb5cedf7ccb797a96199d41c7bc3e60d30"
  integrity sha512-KRs7WVDKg86PWiuAqhDrAQnTXZKraVcCc6vFdL14qrZ/DcWwuRo7VoiYXalXO7S5GKpqYiVEwCbgFDfxNHKJBQ==

date-fns@^2.28.0:
  version "2.30.0"
  resolved "https://registry.yarnpkg.com/date-fns/-/date-fns-2.30.0.tgz#f367e644839ff57894ec6ac480de40cae4b0f4d0"
  integrity sha512-fnULvOpxnC5/Vg3NCiWelDsLiUc9bRwAPs/+LfTLNvetFCtCTN+yQz15C/fs4AwX1R9K5GLtLfn8QW+dWisaAw==
  dependencies:
    "@babel/runtime" "^7.21.0"

debug@4.3.4:
  version "4.3.4"
  resolved "https://registry.yarnpkg.com/debug/-/debug-4.3.4.tgz#1319f6579357f2338d3337d2cdd4914bb5dcc865"
  integrity sha512-PRWFHuSU3eDtQJPvnNY7Jcket1j0t5OuOsFzPPzsekD52Zl8qUfFIPEiswXqIvHWGVHOgX+7G/vCNNhehwxfkQ==
  dependencies:
    ms "2.1.2"

emoji-regex@^8.0.0:
  version "8.0.0"
  resolved "https://registry.yarnpkg.com/emoji-regex/-/emoji-regex-8.0.0.tgz#e818fd69ce5ccfcb404594f842963bf53164cc37"
  integrity sha512-MSjYzcWNOA0ewAHpz0MxpYFvwg6yjy1NG3xteoqz644VCo/RPgnr1/GGt+ic3iJTzQ8Eu3TdM14SawnVUmGE6A==

escalade@^3.1.1:
  version "3.1.2"
  resolved "https://registry.yarnpkg.com/escalade/-/escalade-3.1.2.tgz#54076e9ab29ea5bf3d8f1ed62acffbb88272df27"
  integrity sha512-ErCHMCae19vR8vQGe50xIsVomy19rg6gFu3+r3jkEO46suLMWBksvVyoGgQV+jOfl84ZSOSlmv6Gxa89PmTGmA==

esm@^3.2.25:
  version "3.2.25"
  resolved "https://registry.yarnpkg.com/esm/-/esm-3.2.25.tgz#342c18c29d56157688ba5ce31f8431fbb795cc10"
  integrity sha512-U1suiZ2oDVWv4zPO56S0NcR5QriEahGtdN2OR6FiOG4WJvcjBVFB0qI4+eKoWFH483PKGuLuu6V8Z4T5g63UVA==

fn-args@^5.0.0:
  version "5.0.0"
  resolved "https://registry.yarnpkg.com/fn-args/-/fn-args-5.0.0.tgz#7a18e105c8fb3bf0a51c30389bf16c9ebe740bb3"
  integrity sha512-CtbfI3oFFc3nbdIoHycrfbrxiGgxXBXXuyOl49h47JawM1mYrqpiRqnH5CB2mBatdXvHHOUO6a+RiAuuvKt0lw==

fs-extra@^10.0.1:
  version "10.1.0"
  resolved "https://registry.yarnpkg.com/fs-extra/-/fs-extra-10.1.0.tgz#02873cfbc4084dde127eaa5f9905eef2325d1abf"
  integrity sha512-oRXApq54ETRj4eMiFzGnHWGy+zo5raudjuxN0b8H7s/RU2oW0Wvsx9O0ACRN/kRq9E8Vu/ReskGB5o3ji+FzHQ==
  dependencies:
    graceful-fs "^4.2.0"
    jsonfile "^6.0.1"
    universalify "^2.0.0"

function-bind@^1.1.2:
  version "1.1.2"
  resolved "https://registry.yarnpkg.com/function-bind/-/function-bind-1.1.2.tgz#2c02d864d97f3ea6c8830c464cbd11ab6eab7a1c"
  integrity sha512-7XHNxH7qX9xG5mIwxkhumTox/MIRNcOgDrxWsMt2pAr23WHp6MrRlN7FBSFpCpr+oVO0F744iUgR82nJMfG2SA==

get-package-type@^0.1.0:
  version "0.1.0"
  resolved "https://registry.yarnpkg.com/get-package-type/-/get-package-type-0.1.0.tgz#8de2d803cff44df3bc6c456e6668b36c3926e11a"
  integrity sha512-pjzuKtY64GYfWizNAJ0fr9VqttZkNiK2iS430LtIHzjBEr6bX8Am2zm4sW4Ro5wjWW5cAlRL1qAMTcXbjNAO2Q==

getopts@2.3.0:
  version "2.3.0"
  resolved "https://registry.yarnpkg.com/getopts/-/getopts-2.3.0.tgz#71e5593284807e03e2427449d4f6712a268666f4"
  integrity sha512-5eDf9fuSXwxBL6q5HX+dhDj+dslFGWzU5thZ9kNKUkcPtaPdatmUFKwHFrLb/uf/WpA4BHET+AX3Scl56cAjpA==

graceful-fs@^4.1.6, graceful-fs@^4.2.0:
  version "4.2.11"
  resolved "https://registry.yarnpkg.com/graceful-fs/-/graceful-fs-4.2.11.tgz#4183e4e8bf08bb6e05bbb2f7d2e0c8f712ca40e3"
  integrity sha512-RbJ5/jmFcNNCcDV5o9eTnBLJ/HszWV0P73bc+Ff4nS/rJj+YaS6IGyiOL0VoBYX+l1Wrl3k63h/KrH+nhJ0XvQ==

hasown@^2.0.0:
  version "2.0.2"
  resolved "https://registry.yarnpkg.com/hasown/-/hasown-2.0.2.tgz#003eaf91be7adc372e84ec59dc37252cedb80003"
  integrity sha512-0hJU9SCPvmMzIBdZFqNPXWa6dqh7WdH0cII9y+CyS8rG3nL48Bclra9HmKhVVUHyPWNH5Y7xDwAB7bfgSjkUMQ==
  dependencies:
    function-bind "^1.1.2"

interpret@^2.2.0:
  version "2.2.0"
  resolved "https://registry.yarnpkg.com/interpret/-/interpret-2.2.0.tgz#1a78a0b5965c40a5416d007ad6f50ad27c417df9"
  integrity sha512-Ju0Bz/cEia55xDwUWEa8+olFpCiQoypjnQySseKtmjNrnps3P+xfpUmGr90T7yjlVJmOtybRvPXhKMbHr+fWnw==

is-core-module@^2.13.0:
  version "2.13.1"
  resolved "https://registry.yarnpkg.com/is-core-module/-/is-core-module-2.13.1.tgz#ad0d7532c6fea9da1ebdc82742d74525c6273384"
  integrity sha512-hHrIjvZsftOsvKSn2TRYl63zvxsgE0K+0mYMoH6gD4omR5IWB2KynivBQczo3+wF1cCkjzvptnI9Q0sPU66ilw==
  dependencies:
    hasown "^2.0.0"

is-fullwidth-code-point@^3.0.0:
  version "3.0.0"
  resolved "https://registry.yarnpkg.com/is-fullwidth-code-point/-/is-fullwidth-code-point-3.0.0.tgz#f116f8064fe90b3f7844a38997c0b75051269f1d"
  integrity sha512-zymm5+u+sCsSWyD9qNaejV3DFvhCKclKdizYaJUuHA83RLjb7nSuGnddCHGv0hk+KY7BMAlsWeK4Ueg6EV6XQg==

jsonfile@^6.0.1:
  version "6.1.0"
  resolved "https://registry.yarnpkg.com/jsonfile/-/jsonfile-6.1.0.tgz#bc55b2634793c679ec6403094eb13698a6ec0aae"
  integrity sha512-5dgndWOriYSm5cnYaJNhalLNDKOqFwyDB/rr1E9ZsGciGvKPs8R2xYGCacuf3z6K1YKDz182fd+fY3cn3pMqXQ==
  dependencies:
    universalify "^2.0.0"
  optionalDependencies:
    graceful-fs "^4.1.6"

knex@^3.1.0:
  version "3.1.0"
  resolved "https://registry.yarnpkg.com/knex/-/knex-3.1.0.tgz#b6ddd5b5ad26a6315234a5b09ec38dc4a370bd8c"
  integrity sha512-GLoII6hR0c4ti243gMs5/1Rb3B+AjwMOfjYm97pu0FOQa7JH56hgBxYf5WK2525ceSbBY1cjeZ9yk99GPMB6Kw==
  dependencies:
    colorette "2.0.19"
    commander "^10.0.0"
    debug "4.3.4"
    escalade "^3.1.1"
    esm "^3.2.25"
    get-package-type "^0.1.0"
    getopts "2.3.0"
    interpret "^2.2.0"
    lodash "^4.17.21"
    pg-connection-string "2.6.2"
    rechoir "^0.8.0"
    resolve-from "^5.0.0"
    tarn "^3.0.2"
    tildify "2.0.0"

lodash@^4.17.21:
  version "4.17.21"
  resolved "https://registry.yarnpkg.com/lodash/-/lodash-4.17.21.tgz#679591c564c3bffaae8454cf0b3df370c3d6911c"
  integrity sha512-v2kDEe57lecTulaDIuNTPy3Ry4gLGJ6Z1O3vE1krgXZNrsQ+LFTGHVxVjcXPs17LhbZVGedAJv8XZ1tvj5FvSg==

memory-pager@^1.0.2:
  version "1.5.0"
  resolved "https://registry.yarnpkg.com/memory-pager/-/memory-pager-1.5.0.tgz#d8751655d22d384682741c972f2c3d6dfa3e66b5"
  integrity sha512-ZS4Bp4r/Zoeq6+NLJpP+0Zzm0pR8whtGPf1XExKLJBAczGMnSi3It14OiNCStjQjM6NU1okjQGSxgEZN8eBYKg==

migrate-mongo@^11.0.0:
  version "11.0.0"
  resolved "https://registry.yarnpkg.com/migrate-mongo/-/migrate-mongo-11.0.0.tgz#d1b2291624fe8e134a0666ca77ad2fa18f42e337"
  integrity sha512-GB/gHzUwp/fL1w6ksNGihTyb+cSrm6NbVLlz1OSkQKaLlzAXMwH7iKK2ZS7W5v+I8vXiY2rL58WTUZSAL6QR+A==
  dependencies:
    cli-table3 "^0.6.1"
    commander "^9.1.0"
    date-fns "^2.28.0"
    fn-args "^5.0.0"
    fs-extra "^10.0.1"
    lodash "^4.17.21"
    p-each-series "^2.2.0"

mongodb-connection-string-url@^3.0.0:
  version "3.0.0"
  resolved "https://registry.yarnpkg.com/mongodb-connection-string-url/-/mongodb-connection-string-url-3.0.0.tgz#b4f87f92fd8593f3b9365f592515a06d304a1e9c"
  integrity sha512-t1Vf+m1I5hC2M5RJx/7AtxgABy1cZmIPQRMXw+gEIPn/cZNF3Oiy+l0UIypUwVB5trcWHq3crg2g3uAR9aAwsQ==
  dependencies:
    "@types/whatwg-url" "^11.0.2"
    whatwg-url "^13.0.0"

mongodb@^6.5.0:
  version "6.5.0"
  resolved "https://registry.yarnpkg.com/mongodb/-/mongodb-6.5.0.tgz#3735b4fba085b26ca06f7744e9639bc538e93d87"
  integrity sha512-Fozq68InT+JKABGLqctgtb8P56pRrJFkbhW0ux+x1mdHeyinor8oNzJqwLjV/t5X5nJGfTlluxfyMnOXNggIUA==
  dependencies:
    "@mongodb-js/saslprep" "^1.1.5"
    bson "^6.4.0"
    mongodb-connection-string-url "^3.0.0"

ms@2.1.2:
  version "2.1.2"
  resolved "https://registry.yarnpkg.com/ms/-/ms-2.1.2.tgz#d09d1f357b443f493382a8eb3ccd183872ae6009"
  integrity sha512-sGkPx+VjMtmA6MX27oA4FBFELFCZZ4S4XqeGOXCv68tT+jb3vk/RyaKWP0PTKyWtmLSM0b+adUTEvbs1PEaH2w==

p-each-series@^2.2.0:
  version "2.2.0"
  resolved "https://registry.yarnpkg.com/p-each-series/-/p-each-series-2.2.0.tgz#105ab0357ce72b202a8a8b94933672657b5e2a9a"
  integrity sha512-ycIL2+1V32th+8scbpTvyHNaHe02z0sjgh91XXjAk+ZeXoPN4Z46DVUnzdso0aX4KckKw0FNNFHdjZ2UsZvxiA==

packet-reader@1.0.0:
  version "1.0.0"
  resolved "https://registry.yarnpkg.com/packet-reader/-/packet-reader-1.0.0.tgz#9238e5480dedabacfe1fe3f2771063f164157d74"
  integrity sha512-HAKu/fG3HpHFO0AA8WE8q2g+gBJaZ9MG7fcKk+IJPLTGAD6Psw4443l+9DGRbOIh3/aXr7Phy0TjilYivJo5XQ==

path-parse@^1.0.7:
  version "1.0.7"
  resolved "https://registry.yarnpkg.com/path-parse/-/path-parse-1.0.7.tgz#fbc114b60ca42b30d9daf5858e4bd68bbedb6735"
  integrity sha512-LDJzPVEEEPR+y48z93A0Ed0yXb8pAByGWo/k5YYdYgpY2/2EsOsksJrq7lOHxryrVOn1ejG6oAp8ahvOIQD8sw==

pg-cloudflare@^1.1.1:
  version "1.1.1"
  resolved "https://registry.yarnpkg.com/pg-cloudflare/-/pg-cloudflare-1.1.1.tgz#e6d5833015b170e23ae819e8c5d7eaedb472ca98"
  integrity sha512-xWPagP/4B6BgFO+EKz3JONXv3YDgvkbVrGw2mTo3D6tVDQRh1e7cqVGvyR3BE+eQgAvx1XhW/iEASj4/jCWl3Q==

pg-connection-string@2.6.2, pg-connection-string@^2.6.2:
  version "2.6.2"
  resolved "https://registry.yarnpkg.com/pg-connection-string/-/pg-connection-string-2.6.2.tgz#713d82053de4e2bd166fab70cd4f26ad36aab475"
  integrity sha512-ch6OwaeaPYcova4kKZ15sbJ2hKb/VP48ZD2gE7i1J+L4MspCtBMAx8nMgz7bksc7IojCIIWuEhHibSMFH8m8oA==

pg-int8@1.0.1:
  version "1.0.1"
  resolved "https://registry.yarnpkg.com/pg-int8/-/pg-int8-1.0.1.tgz#943bd463bf5b71b4170115f80f8efc9a0c0eb78c"
  integrity sha512-WCtabS6t3c8SkpDBUlb1kjOs7l66xsGdKpIPZsg4wR+B3+u9UAum2odSsF9tnvxg80h4ZxLWMy4pRjOsFIqQpw==

pg-pool@^3.6.1:
  version "3.6.1"
  resolved "https://registry.yarnpkg.com/pg-pool/-/pg-pool-3.6.1.tgz#5a902eda79a8d7e3c928b77abf776b3cb7d351f7"
  integrity sha512-jizsIzhkIitxCGfPRzJn1ZdcosIt3pz9Sh3V01fm1vZnbnCMgmGl5wvGGdNN2EL9Rmb0EcFoCkixH4Pu+sP9Og==

pg-protocol@^1.6.0:
  version "1.6.0"
  resolved "https://registry.yarnpkg.com/pg-protocol/-/pg-protocol-1.6.0.tgz#4c91613c0315349363af2084608db843502f8833"
  integrity sha512-M+PDm637OY5WM307051+bsDia5Xej6d9IR4GwJse1qA1DIhiKlksvrneZOYQq42OM+spubpcNYEo2FcKQrDk+Q==

pg-types@^2.1.0:
  version "2.2.0"
  resolved "https://registry.yarnpkg.com/pg-types/-/pg-types-2.2.0.tgz#2d0250d636454f7cfa3b6ae0382fdfa8063254a3"
  integrity sha512-qTAAlrEsl8s4OiEQY69wDvcMIdQN6wdz5ojQiOy6YRMuynxenON0O5oCpJI6lshc6scgAY8qvJ2On/p+CXY0GA==
  dependencies:
    pg-int8 "1.0.1"
    postgres-array "~2.0.0"
    postgres-bytea "~1.0.0"
    postgres-date "~1.0.4"
    postgres-interval "^1.1.0"

pg@^8.11.3:
  version "8.11.3"
  resolved "https://registry.yarnpkg.com/pg/-/pg-8.11.3.tgz#d7db6e3fe268fcedd65b8e4599cda0b8b4bf76cb"
  integrity sha512-+9iuvG8QfaaUrrph+kpF24cXkH1YOOUeArRNYIxq1viYHZagBxrTno7cecY1Fa44tJeZvaoG+Djpkc3JwehN5g==
  dependencies:
    buffer-writer "2.0.0"
    packet-reader "1.0.0"
    pg-connection-string "^2.6.2"
    pg-pool "^3.6.1"
    pg-protocol "^1.6.0"
    pg-types "^2.1.0"
    pgpass "1.x"
  optionalDependencies:
    pg-cloudflare "^1.1.1"

pgpass@1.x:
  version "1.0.5"
  resolved "https://registry.yarnpkg.com/pgpass/-/pgpass-1.0.5.tgz#9b873e4a564bb10fa7a7dbd55312728d422a223d"
  integrity sha512-FdW9r/jQZhSeohs1Z3sI1yxFQNFvMcnmfuj4WBMUTxOrAyLMaTcE1aAMBiTlbMNaXvBCQuVi0R7hd8udDSP7ug==
  dependencies:
    split2 "^4.1.0"

postgres-array@~2.0.0:
  version "2.0.0"
  resolved "https://registry.yarnpkg.com/postgres-array/-/postgres-array-2.0.0.tgz#48f8fce054fbc69671999329b8834b772652d82e"
  integrity sha512-VpZrUqU5A69eQyW2c5CA1jtLecCsN2U/bD6VilrFDWq5+5UIEVO7nazS3TEcHf1zuPYO/sqGvUvW62g86RXZuA==

postgres-bytea@~1.0.0:
  version "1.0.0"
  resolved "https://registry.yarnpkg.com/postgres-bytea/-/postgres-bytea-1.0.0.tgz#027b533c0aa890e26d172d47cf9ccecc521acd35"
  integrity sha512-xy3pmLuQqRBZBXDULy7KbaitYqLcmxigw14Q5sj8QBVLqEwXfeybIKVWiqAXTlcvdvb0+xkOtDbfQMOf4lST1w==

postgres-date@~1.0.4:
  version "1.0.7"
  resolved "https://registry.yarnpkg.com/postgres-date/-/postgres-date-1.0.7.tgz#51bc086006005e5061c591cee727f2531bf641a8"
  integrity sha512-suDmjLVQg78nMK2UZ454hAG+OAW+HQPZ6n++TNDUX+L0+uUlLywnoxJKDou51Zm+zTCjrCl0Nq6J9C5hP9vK/Q==

postgres-interval@^1.1.0:
  version "1.2.0"
  resolved "https://registry.yarnpkg.com/postgres-interval/-/postgres-interval-1.2.0.tgz#b460c82cb1587507788819a06aa0fffdb3544695"
  integrity sha512-9ZhXKM/rw350N1ovuWHbGxnGh/SNJ4cnxHiM0rxE4VN41wsg8P8zWn9hv/buK00RP4WvlOyr/RBDiptyxVbkZQ==
  dependencies:
    xtend "^4.0.0"

punycode@^2.3.0:
  version "2.3.1"
  resolved "https://registry.yarnpkg.com/punycode/-/punycode-2.3.1.tgz#027422e2faec0b25e1549c3e1bd8309b9133b6e5"
  integrity sha512-vYt7UD1U9Wg6138shLtLOvdAu+8DsC/ilFtEVHcH+wydcSpNE20AfSOduf6MkRFahL5FY7X1oU7nKVZFtfq8Fg==

rechoir@^0.8.0:
  version "0.8.0"
  resolved "https://registry.yarnpkg.com/rechoir/-/rechoir-0.8.0.tgz#49f866e0d32146142da3ad8f0eff352b3215ff22"
  integrity sha512-/vxpCXddiX8NGfGO/mTafwjq4aFa/71pvamip0++IQk3zG8cbCj0fifNPrjjF1XMXUne91jL9OoxmdykoEtifQ==
  dependencies:
    resolve "^1.20.0"

regenerator-runtime@^0.14.0:
  version "0.14.1"
  resolved "https://registry.yarnpkg.com/regenerator-runtime/-/regenerator-runtime-0.14.1.tgz#356ade10263f685dda125100cd862c1db895327f"
  integrity sha512-dYnhHh0nJoMfnkZs6GmmhFknAGRrLznOu5nc9ML+EJxGvrx6H7teuevqVqCuPcPK//3eDrrjQhehXVx9cnkGdw==

resolve-from@^5.0.0:
  version "5.0.0"
  resolved "https://registry.yarnpkg.com/resolve-from/-/resolve-from-5.0.0.tgz#c35225843df8f776df21c57557bc087e9dfdfc69"
  integrity sha512-qYg9KP24dD5qka9J47d0aVky0N+b4fTU89LN9iDnjB5waksiC49rvMB0PrUJQGoTmH50XPiqOvAjDfaijGxYZw==

resolve@^1.20.0:
  version "1.22.8"
  resolved "https://registry.yarnpkg.com/resolve/-/resolve-1.22.8.tgz#b6c87a9f2aa06dfab52e3d70ac8cde321fa5a48d"
  integrity sha512-oKWePCxqpd6FlLvGV1VU0x7bkPmmCNolxzjMf4NczoDnQcIWrAF+cPtZn5i6n+RfD2d9i0tzpKnG6Yk168yIyw==
  dependencies:
    is-core-module "^2.13.0"
    path-parse "^1.0.7"
    supports-preserve-symlinks-flag "^1.0.0"

sparse-bitfield@^3.0.3:
  version "3.0.3"
  resolved "https://registry.yarnpkg.com/sparse-bitfield/-/sparse-bitfield-3.0.3.tgz#ff4ae6e68656056ba4b3e792ab3334d38273ca11"
  integrity sha512-kvzhi7vqKTfkh0PZU+2D2PIllw2ymqJKujUcyPMd9Y75Nv4nPbGJZXNhxsgdQab2BmlDct1YnfQCguEvHr7VsQ==
  dependencies:
    memory-pager "^1.0.2"

split2@^4.1.0:
  version "4.2.0"
  resolved "https://registry.yarnpkg.com/split2/-/split2-4.2.0.tgz#c9c5920904d148bab0b9f67145f245a86aadbfa4"
  integrity sha512-UcjcJOWknrNkF6PLX83qcHM6KHgVKNkV62Y8a5uYDVv9ydGQVwAHMKqHdJje1VTWpljG0WYpCDhrCdAOYH4TWg==

string-width@^4.2.0:
  version "4.2.3"
  resolved "https://registry.yarnpkg.com/string-width/-/string-width-4.2.3.tgz#269c7117d27b05ad2e536830a8ec895ef9c6d010"
  integrity sha512-wKyQRQpjJ0sIp62ErSZdGsjMJWsap5oRNihHhu6G7JVO/9jIB6UyevL+tXuOqrng8j/cxKTWyWUwvSTriiZz/g==
  dependencies:
    emoji-regex "^8.0.0"
    is-fullwidth-code-point "^3.0.0"
    strip-ansi "^6.0.1"

strip-ansi@^6.0.1:
  version "6.0.1"
  resolved "https://registry.yarnpkg.com/strip-ansi/-/strip-ansi-6.0.1.tgz#9e26c63d30f53443e9489495b2105d37b67a85d9"
  integrity sha512-Y38VPSHcqkFrCpFnQ9vuSXmquuv5oXOKpGeT6aGrr3o3Gc9AlVa6JBfUSOCnbxGGZF+/0ooI7KrPuUSztUdU5A==
  dependencies:
    ansi-regex "^5.0.1"

supports-preserve-symlinks-flag@^1.0.0:
  version "1.0.0"
  resolved "https://registry.yarnpkg.com/supports-preserve-symlinks-flag/-/supports-preserve-symlinks-flag-1.0.0.tgz#6eda4bd344a3c94aea376d4cc31bc77311039e09"
  integrity sha512-ot0WnXS9fgdkgIcePe6RHNk1WA8+muPa6cSjeR3V8K27q9BB1rTE3R1p7Hv0z1ZyAc8s6Vvv8DIyWf681MAt0w==

tarn@^3.0.2:
  version "3.0.2"
  resolved "https://registry.yarnpkg.com/tarn/-/tarn-3.0.2.tgz#73b6140fbb881b71559c4f8bfde3d9a4b3d27693"
  integrity sha512-51LAVKUSZSVfI05vjPESNc5vwqqZpbXCsU+/+wxlOrUjk2SnFTt97v9ZgQrD4YmxYW1Px6w2KjaDitCfkvgxMQ==

tildify@2.0.0:
  version "2.0.0"
  resolved "https://registry.yarnpkg.com/tildify/-/tildify-2.0.0.tgz#f205f3674d677ce698b7067a99e949ce03b4754a"
  integrity sha512-Cc+OraorugtXNfs50hU9KS369rFXCfgGLpfCfvlc+Ud5u6VWmUQsOAa9HbTvheQdYnrdJqqv1e5oIqXppMYnSw==

tr46@^4.1.1:
  version "4.1.1"
  resolved "https://registry.yarnpkg.com/tr46/-/tr46-4.1.1.tgz#281a758dcc82aeb4fe38c7dfe4d11a395aac8469"
  integrity sha512-2lv/66T7e5yNyhAAC4NaKe5nVavzuGJQVVtRYLyQ2OI8tsJ61PMLlelehb0wi2Hx6+hT/OJUWZcw8MjlSRnxvw==
  dependencies:
    punycode "^2.3.0"

universalify@^2.0.0:
  version "2.0.1"
  resolved "https://registry.yarnpkg.com/universalify/-/universalify-2.0.1.tgz#168efc2180964e6386d061e094df61afe239b18d"
  integrity sha512-gptHNQghINnc/vTGIk0SOFGFNXw7JVrlRUtConJRlvaw6DuX0wO5Jeko9sWrMBhh+PsYAZ7oXAiOnf/UKogyiw==

webidl-conversions@^7.0.0:
  version "7.0.0"
  resolved "https://registry.yarnpkg.com/webidl-conversions/-/webidl-conversions-7.0.0.tgz#256b4e1882be7debbf01d05f0aa2039778ea080a"
  integrity sha512-VwddBukDzu71offAQR975unBIGqfKZpM+8ZX6ySk8nYhVoo5CYaZyzt3YBvYtRtO+aoGlqxPg/B87NGVZ/fu6g==

whatwg-url@^13.0.0:
  version "13.0.0"
  resolved "https://registry.yarnpkg.com/whatwg-url/-/whatwg-url-13.0.0.tgz#b7b536aca48306394a34e44bda8e99f332410f8f"
  integrity sha512-9WWbymnqj57+XEuqADHrCJ2eSXzn8WXIW/YSGaZtb2WKAInQ6CHfaUUcTyyver0p8BDg5StLQq8h1vtZuwmOig==
  dependencies:
    tr46 "^4.1.1"
    webidl-conversions "^7.0.0"

xtend@^4.0.0:
  version "4.0.2"
  resolved "https://registry.yarnpkg.com/xtend/-/xtend-4.0.2.tgz#bb72779f5fa465186b1f438f674fa347fdb5db54"
  integrity sha512-LKYU1iAXJXUgAXn9URjiu+MWhyUXHsvfp7mcuYm9dSUKK0/CjtrUwFAxD82/mCWbtLsGjFIad0wIsod4zrTAEQ==
